
Microsoft Visual Studio Solution File, Format Version 12.00
# Visual Studio Version 16
VisualStudioVersion = 16.0.31129.286
MinimumVisualStudioVersion = 10.0.40219.1
Project("{9A19103F-16F7-4668-BE54-9A1E7A4F7556}") = "WebUI", "WebUI\WebUI.csproj", "{D35A6738-B9F5-4449-87B5-D90BA34DBEED}"
EndProject
Global
	GlobalSection(SolutionConfigurationPlatforms) = preSolution
		Debug|Any CPU = Debug|Any CPU
		Release|Any CPU = Release|Any CPU
	EndGlobalSection
	GlobalSection(ProjectConfigurationPlatforms) = postSolution
		{D35A6738-B9F5-4449-87B5-D90BA34DBEED}.Debug|Any CPU.ActiveCfg = Debug|Any CPU
		{D35A6738-B9F5-4449-87B5-D90BA34DBEED}.Debug|Any CPU.Build.0 = Debug|Any CPU
		{D35A6738-B9F5-4449-87B5-D90BA34DBEED}.Release|Any CPU.ActiveCfg = Release|Any CPU
		{D35A6738-B9F5-4449-87B5-D90BA34DBEED}.Release|Any CPU.Build.0 = Release|Any CPU
	EndGlobalSection
	GlobalSection(SolutionProperties) = preSolution
		HideSolutionNode = FALSE
	EndGlobalSection
	GlobalSection(ExtensibilityGlobals) = postSolution
		SolutionGuid = {B734AE21-70A6-4542-88E9-A3FA7BEFBB44}
	EndGlobalSection
EndGlobal
